
Microsoft Visual Studio Solution File, Format Version 12.00
# Visual Studio Version 16
VisualStudioVersion = 16.0.30204.135
MinimumVisualStudioVersion = 10.0.40219.1
Project("{FAE04EC0-301F-11D3-BF4B-00C04F79EFBC}") = "logindemo", "logindemo\logindemo.csproj", "{F5A8C26D-64D5-4A7D-9471-DE0560ED4982}"
EndProject
Global
	GlobalSection(SolutionConfigurationPlatforms) = preSolution
		Debug|Any CPU = Debug|Any CPU
		Release|Any CPU = Release|Any CPU
	EndGlobalSection
	GlobalSection(ProjectConfigurationPlatforms) = postSolution
		{F5A8C26D-64D5-4A7D-9471-DE0560ED4982}.Debug|Any CPU.ActiveCfg = Debug|Any CPU
		{F5A8C26D-64D5-4A7D-9471-DE0560ED4982}.Debug|Any CPU.Build.0 = Debug|Any CPU
		{F5A8C26D-64D5-4A7D-9471-DE0560ED4982}.Release|Any CPU.ActiveCfg = Release|Any CPU
		{F5A8C26D-64D5-4A7D-9471-DE0560ED4982}.Release|Any CPU.Build.0 = Release|Any CPU
	EndGlobalSection
	GlobalSection(SolutionProperties) = preSolution
		HideSolutionNode = FALSE
	EndGlobalSection
	GlobalSection(ExtensibilityGlobals) = postSolution
		SolutionGuid = {DFB98C78-25E9-46D9-B695-565FBAEA9A16}
	EndGlobalSection
EndGlobal
